// !$*UTF8*$!
{
	archiveVersion = 1;
	classes = {
	};
	objectVersion = 48;
	objects = {

/* Begin PBXBuildFile section */
		2FAEBB821FB94FC40085AF3D /* AppDelegate.swift in Sources */ = {isa = PBXBuildFile; fileRef = 2FAEBB811FB94FC40085AF3D /* AppDelegate.swift */; };
		2FAEBB841FB94FC40085AF3D /* HomeVC.swift in Sources */ = {isa = PBXBuildFile; fileRef = 2FAEBB831FB94FC40085AF3D /* HomeVC.swift */; };
		2FAEBB871FB94FC40085AF3D /* Main.storyboard in Resources */ = {isa = PBXBuildFile; fileRef = 2FAEBB851FB94FC40085AF3D /* Main.storyboard */; };
		2FAEBB891FB94FC40085AF3D /* Assets.xcassets in Resources */ = {isa = PBXBuildFile; fileRef = 2FAEBB881FB94FC40085AF3D /* Assets.xcassets */; };
		2FAEBB8C1FB94FC40085AF3D /* LaunchScreen.storyboard in Resources */ = {isa = PBXBuildFile; fileRef = 2FAEBB8A1FB94FC40085AF3D /* LaunchScreen.storyboard */; };
		2FAEBB941FB977AD0085AF3D /* GuideVC.swift in Sources */ = {isa = PBXBuildFile; fileRef = 2FAEBB931FB977AD0085AF3D /* GuideVC.swift */; };
		2FAEBB961FB979CB0085AF3D /* GameVC.swift in Sources */ = {isa = PBXBuildFile; fileRef = 2FAEBB951FB979CB0085AF3D /* GameVC.swift */; };
		2FAEBB9A1FB999CB0085AF3D /* Constants.swift in Sources */ = {isa = PBXBuildFile; fileRef = 2FAEBB991FB999CB0085AF3D /* Constants.swift */; };
/* End PBXBuildFile section */

/* Begin PBXFileReference section */
		2FAEBB7E1FB94FC40085AF3D /* 1A2B.app */ = {isa = PBXFileReference; explicitFileType = wrapper.application; includeInIndex = 0; path = 1A2B.app; sourceTree = BUILT_PRODUCTS_DIR; };
		2FAEBB811FB94FC40085AF3D /* AppDelegate.swift */ = {isa = PBXFileReference; lastKnownFileType = sourcecode.swift; path = AppDelegate.swift; sourceTree = "<group>"; };
		2FAEBB831FB94FC40085AF3D /* HomeVC.swift */ = {isa = PBXFileReference; lastKnownFileType = sourcecode.swift; path = HomeVC.swift; sourceTree = "<group>"; };
		2FAEBB861FB94FC40085AF3D /* Base */ = {isa = PBXFileReference; lastKnownFileType = file.storyboard; name = Base; path = Base.lproj/Main.storyboard; sourceTree = "<group>"; };
		2FAEBB881FB94FC40085AF3D /* Assets.xcassets */ = {isa = PBXFileReference; lastKnownFileType = folder.assetcatalog; path = Assets.xcassets; sourceTree = "<group>"; };
		2FAEBB8B1FB94FC40085AF3D /* Base */ = {isa = PBXFileReference; lastKnownFileType = file.storyboard; name = Base; path = Base.lproj/LaunchScreen.storyboard; sourceTree = "<group>"; };
		2FAEBB8D1FB94FC40085AF3D /* Info.plist */ = {isa = PBXFileReference; lastKnownFileType = text.plist.xml; path = Info.plist; sourceTree = "<group>"; };
		2FAEBB931FB977AD0085AF3D /* GuideVC.swift */ = {isa = PBXFileReference; lastKnownFileType = sourcecode.swift; path = GuideVC.swift; sourceTree = "<group>"; };
		2FAEBB951FB979CB0085AF3D /* GameVC.swift */ = {isa = PBXFileReference; lastKnownFileType = sourcecode.swift; path = GameVC.swift; sourceTree = "<group>"; };
		2FAEBB991FB999CB0085AF3D /* Constants.swift */ = {isa = PBXFileReference; lastKnownFileType = sourcecode.swift; path = Constants.swift; sourceTree = "<group>"; };
/* End PBXFileReference section */

/* Begin PBXFrameworksBuildPhase section */
		2FAEBB7B1FB94FC40085AF3D /* Frameworks */ = {
			isa = PBXFrameworksBuildPhase;
			buildActionMask = 2147483647;
			files = (
			);
			runOnlyForDeploymentPostprocessing = 0;
		};
/* End PBXFrameworksBuildPhase section */

/* Begin PBXGroup section */
		2FAEBB751FB94FC40085AF3D = {
			isa = PBXGroup;
			children = (
				2FAEBB801FB94FC40085AF3D /* 1A2B */,
				2FAEBB7F1FB94FC40085AF3D /* Products */,
			);
			sourceTree = "<group>";
		};
		2FAEBB7F1FB94FC40085AF3D /* Products */ = {
			isa = PBXGroup;
			children = (
				2FAEBB7E1FB94FC40085AF3D /* 1A2B.app */,
			);
			name = Products;
			sourceTree = "<group>";
		};
		2FAEBB801FB94FC40085AF3D /* 1A2B */ = {
			isa = PBXGroup;
			children = (
				2FAEBB981FB999AF0085AF3D /* Util */,
				2FAEBB971FB979E40085AF3D /* Controller */,
				2FAEBB851FB94FC40085AF3D /* Main.storyboard */,
				2FAEBB8A1FB94FC40085AF3D /* LaunchScreen.storyboard */,
				2FAEBB881FB94FC40085AF3D /* Assets.xcassets */,
				2FAEBB8D1FB94FC40085AF3D /* Info.plist */,
			);
			path = 1A2B;
			sourceTree = "<group>";
		};
		2FAEBB971FB979E40085AF3D /* Controller */ = {
			isa = PBXGroup;
			children = (
				2FAEBB811FB94FC40085AF3D /* AppDelegate.swift */,
				2FAEBB831FB94FC40085AF3D /* HomeVC.swift */,
				2FAEBB931FB977AD0085AF3D /* GuideVC.swift */,
				2FAEBB951FB979CB0085AF3D /* GameVC.swift */,
			);
			path = Controller;
			sourceTree = "<group>";
		};
		2FAEBB981FB999AF0085AF3D /* Util */ = {
			isa = PBXGroup;
			children = (
				2FAEBB991FB999CB0085AF3D /* Constants.swift */,
			);
			path = Util;
			sourceTree = "<group>";
		};
/* End PBXGroup section */

/* Begin PBXNativeTarget section */
		2FAEBB7D1FB94FC40085AF3D /* 1A2B */ = {
			isa = PBXNativeTarget;
			buildConfigurationList = 2FAEBB901FB94FC40085AF3D /* Build configuration list for PBXNativeTarget "1A2B" */;
			buildPhases = (
				2FAEBB7A1FB94FC40085AF3D /* Sources */,
				2FAEBB7B1FB94FC40085AF3D /* Frameworks */,
				2FAEBB7C1FB94FC40085AF3D /* Resources */,
			);
			buildRules = (
			);
			dependencies = (
			);
			name = 1A2B;
			productName = 1A2B;
			productReference = 2FAEBB7E1FB94FC40085AF3D /* 1A2B.app */;
			productType = "com.apple.product-type.application";
		};
/* End PBXNativeTarget section */

/* Begin PBXProject section */
		2FAEBB761FB94FC40085AF3D /* Project object */ = {
			isa = PBXProject;
			attributes = {
				LastSwiftUpdateCheck = 0910;
				LastUpgradeCheck = 0910;
				ORGANIZATIONNAME = "Yi-Yun Chen";
				TargetAttributes = {
					2FAEBB7D1FB94FC40085AF3D = {
						CreatedOnToolsVersion = 9.1;
						ProvisioningStyle = Automatic;
					};
				};
			};
			buildConfigurationList = 2FAEBB791FB94FC40085AF3D /* Build configuration list for PBXProject "1A2B" */;
			compatibilityVersion = "Xcode 8.0";
			developmentRegion = en;
			hasScannedForEncodings = 0;
			knownRegions = (
				en,
				Base,
			);
			mainGroup = 2FAEBB751FB94FC40085AF3D;
			productRefGroup = 2FAEBB7F1FB94FC40085AF3D /* Products */;
			projectDirPath = "";
			projectRoot = "";
			targets = (
				2FAEBB7D1FB94FC40085AF3D /* 1A2B */,
			);
		};
/* End PBXProject section */

/* Begin PBXResourcesBuildPhase section */
		2FAEBB7C1FB94FC40085AF3D /* Resources */ = {
			isa = PBXResourcesBuildPhase;
			buildActionMask = 2147483647;
			files = (
				2FAEBB8C1FB94FC40085AF3D /* LaunchScreen.storyboard in Resources */,
				2FAEBB891FB94FC40085AF3D /* Assets.xcassets in Resources */,
				2FAEBB871FB94FC40085AF3D /* Main.storyboard in Resources */,
			);
			runOnlyForDeploymentPostprocessing = 0;
		};
/* End PBXResourcesBuildPhase section */

/* Begin PBXSourcesBuildPhase section */
		2FAEBB7A1FB94FC40085AF3D /* Sources */ = {
			isa = PBXSourcesBuildPhase;
			buildActionMask = 2147483647;
			files = (
				2FAEBB9A1FB999CB0085AF3D /* Constants.swift in Sources */,
				2FAEBB941FB977AD0085AF3D /* GuideVC.swift in Sources */,
				2FAEBB841FB94FC40085AF3D /* HomeVC.swift in Sources */,
				2FAEBB961FB979CB0085AF3D /* GameVC.swift in Sources */,
				2FAEBB821FB94FC40085AF3D /* AppDelegate.swift in Sources */,
			);
			runOnlyForDeploymentPostprocessing = 0;
		};
/* End PBXSourcesBuildPhase section */

/* Begin PBXVariantGroup section */
		2FAEBB851FB94FC40085AF3D /* Main.storyboard */ = {
			isa = PBXVariantGroup;
			children = (
				2FAEBB861FB94FC40085AF3D /* Base */,
			);
			name = Main.storyboard;
			sourceTree = "<group>";
		};
		2FAEBB8A1FB94FC40085AF3D /* LaunchScreen.storyboard */ = {
			isa = PBXVariantGroup;
			children = (
				2FAEBB8B1FB94FC40085AF3D /* Base */,
			);
			name = LaunchScreen.storyboard;
			sourceTree = "<group>";
		};
/* End PBXVariantGroup section */

/* Begin XCBuildConfiguration section */
		2FAEBB8E1FB94FC40085AF3D /* Debug */ = {
			isa = XCBuildConfiguration;
			buildSettings = {
				ALWAYS_SEARCH_USER_PATHS = NO;
				CLANG_ANALYZER_NONNULL = YES;
				CLANG_ANALYZER_NUMBER_OBJECT_CONVERSION = YES_AGGRESSIVE;
				CLANG_CXX_LANGUAGE_STANDARD = "gnu++14";
				CLANG_CXX_LIBRARY = "libc++";
				CLANG_ENABLE_MODULES = YES;
				CLANG_ENABLE_OBJC_ARC = YES;
				CLANG_WARN_BLOCK_CAPTURE_AUTORELEASING = YES;
				CLANG_WARN_BOOL_CONVERSION = YES;
				CLANG_WARN_COMMA = YES;
				CLANG_WARN_CONSTANT_CONVERSION = YES;
				CLANG_WARN_DIRECT_OBJC_ISA_USAGE = YES_ERROR;
				CLANG_WARN_DOCUMENTATION_COMMENTS = YES;
				CLANG_WARN_EMPTY_BODY = YES;
				CLANG_WARN_ENUM_CONVERSION = YES;
				CLANG_WARN_INFINITE_RECURSION = YES;
				CLANG_WARN_INT_CONVERSION = YES;
				CLANG_WARN_NON_LITERAL_NULL_CONVERSION = YES;
				CLANG_WARN_OBJC_LITERAL_CONVERSION = YES;
				CLANG_WARN_OBJC_ROOT_CLASS = YES_ERROR;
				CLANG_WARN_RANGE_LOOP_ANALYSIS = YES;
				CLANG_WARN_STRICT_PROTOTYPES = YES;
				CLANG_WARN_SUSPICIOUS_MOVE = YES;
				CLANG_WARN_UNGUARDED_AVAILABILITY = YES_AGGRESSIVE;
				CLANG_WARN_UNREACHABLE_CODE = YES;
				CLANG_WARN__DUPLICATE_METHOD_MATCH = YES;
				CODE_SIGN_IDENTITY = "iPhone Developer";
				COPY_PHASE_STRIP = NO;
				DEBUG_INFORMATION_FORMAT = dwarf;
				ENABLE_STRICT_OBJC_MSGSEND = YES;
				ENABLE_TESTABILITY = YES;
				GCC_C_LANGUAGE_STANDARD = gnu11;
				GCC_DYNAMIC_NO_PIC = NO;
				GCC_NO_COMMON_BLOCKS = YES;
				GCC_OPTIMIZATION_LEVEL = 0;
				GCC_PREPROCESSOR_DEFINITIONS = (
					"DEBUG=1",
					"$(inherited)",
				);
				GCC_WARN_64_TO_32_BIT_CONVERSION = YES;
				GCC_WARN_ABOUT_RETURN_TYPE = YES_ERROR;
				GCC_WARN_UNDECLARED_SELECTOR = YES;
				GCC_WARN_UNINITIALIZED_AUTOS = YES_AGGRESSIVE;
				GCC_WARN_UNUSED_FUNCTION = YES;
				GCC_WARN_UNUSED_VARIABLE = YES;
				IPHONEOS_DEPLOYMENT_TARGET = 11.1;
				MTL_ENABLE_DEBUG_INFO = YES;
				ONLY_ACTIVE_ARCH = YES;
				SDKROOT = iphoneos;
				SWIFT_ACTIVE_COMPILATION_CONDITIONS = DEBUG;
				SWIFT_OPTIMIZATION_LEVEL = "-Onone";
			};
			name = Debug;
		};
		2FAEBB8F1FB94FC40085AF3D /* Release */ = {
			isa = XCBuildConfiguration;
			buildSettings = {
				ALWAYS_SEARCH_USER_PATHS = NO;
				CLANG_ANALYZER_NONNULL = YES;
				CLANG_ANALYZER_NUMBER_OBJECT_CONVERSION = YES_AGGRESSIVE;
				CLANG_CXX_LANGUAGE_STANDARD = "gnu++14";
				CLANG_CXX_LIBRARY = "libc++";
				CLANG_ENABLE_MODULES = YES;
				CLANG_ENABLE_OBJC_ARC = YES;
				CLANG_WARN_BLOCK_CAPTURE_AUTORELEASING = YES;
				CLANG_WARN_BOOL_CONVERSION = YES;
				CLANG_WARN_COMMA = YES;
				CLANG_WARN_CONSTANT_CONVERSION = YES;
				CLANG_WARN_DIRECT_OBJC_ISA_USAGE = YES_ERROR;
				CLANG_WARN_DOCUMENTATION_COMMENTS = YES;
				CLANG_WARN_EMPTY_BODY = YES;
				CLANG_WARN_ENUM_CONVERSION = YES;
				CLANG_WARN_INFINITE_RECURSION = YES;
				CLANG_WARN_INT_CONVERSION = YES;
				CLANG_WARN_NON_LITERAL_NULL_CONVERSION = YES;
				CLANG_WARN_OBJC_LITERAL_CONVERSION = YES;
				CLANG_WARN_OBJC_ROOT_CLASS = YES_ERROR;
				CLANG_WARN_RANGE_LOOP_ANALYSIS = YES;
				CLANG_WARN_STRICT_PROTOTYPES = YES;
				CLANG_WARN_SUSPICIOUS_MOVE = YES;
				CLANG_WARN_UNGUARDED_AVAILABILITY = YES_AGGRESSIVE;
				CLANG_WARN_UNREACHABLE_CODE = YES;
				CLANG_WARN__DUPLICATE_METHOD_MATCH = YES;
				CODE_SIGN_IDENTITY = "iPhone Developer";
				COPY_PHASE_STRIP = NO;
				DEBUG_INFORMATION_FORMAT = "dwarf-with-dsym";
				ENABLE_NS_ASSERTIONS = NO;
				ENABLE_STRICT_OBJC_MSGSEND = YES;
				GCC_C_LANGUAGE_STANDARD = gnu11;
				GCC_NO_COMMON_BLOCKS = YES;
				GCC_WARN_64_TO_32_BIT_CONVERSION = YES;
				GCC_WARN_ABOUT_RETURN_TYPE = YES_ERROR;
				GCC_WARN_UNDECLARED_SELECTOR = YES;
				GCC_WARN_UNINITIALIZED_AUTOS = YES_AGGRESSIVE;
				GCC_WARN_UNUSED_FUNCTION = YES;
				GCC_WARN_UNUSED_VARIABLE = YES;
				IPHONEOS_DEPLOYMENT_TARGET = 11.1;
				MTL_ENABLE_DEBUG_INFO = NO;
				SDKROOT = iphoneos;
				SWIFT_OPTIMIZATION_LEVEL = "-Owholemodule";
				VALIDATE_PRODUCT = YES;
			};
			name = Release;
		};
		2FAEBB911FB94FC40085AF3D /* Debug */ = {
			isa = XCBuildConfiguration;
			buildSettings = {
				ASSETCATALOG_COMPILER_APPICON_NAME = AppIcon;
				CODE_SIGN_STYLE = Automatic;
				DEVELOPMENT_TEAM = 35YQ8TWVH3;
				INFOPLIST_FILE = 1A2B/Info.plist;
				IPHONEOS_DEPLOYMENT_TARGET = 11.0;
				LD_RUNPATH_SEARCH_PATHS = "$(inherited) @executable_path/Frameworks";
				PRODUCT_BUNDLE_IDENTIFIER = "com.doupi0331.app.-A2B";
				PRODUCT_NAME = "$(TARGET_NAME)";
				SWIFT_VERSION = 4.0;
				TARGETED_DEVICE_FAMILY = 1;
			};
			name = Debug;
		};
		2FAEBB921FB94FC40085AF3D /* Release */ = {
			isa = XCBuildConfiguration;
			buildSettings = {
				ASSETCATALOG_COMPILER_APPICON_NAME = AppIcon;
				CODE_SIGN_STYLE = Automatic;
				DEVELOPMENT_TEAM = 35YQ8TWVH3;
				INFOPLIST_FILE = 1A2B/Info.plist;
				IPHONEOS_DEPLOYMENT_TARGET = 11.0;
				LD_RUNPATH_SEARCH_PATHS = "$(inherited) @executable_path/Frameworks";
				PRODUCT_BUNDLE_IDENTIFIER = "com.doupi0331.app.-A2B";
				PRODUCT_NAME = "$(TARGET_NAME)";
				SWIFT_VERSION = 4.0;
				TARGETED_DEVICE_FAMILY = 1;
			};
			name = Release;
		};
/* End XCBuildConfiguration section */

/* Begin XCConfigurationList section */
		2FAEBB791FB94FC40085AF3D /* Build configuration list for PBXProject "1A2B" */ = {
			isa = XCConfigurationList;
			buildConfigurations = (
				2FAEBB8E1FB94FC40085AF3D /* Debug */,
				2FAEBB8F1FB94FC40085AF3D /* Release */,
			);
			defaultConfigurationIsVisible = 0;
			defaultConfigurationName = Release;
		};
		2FAEBB901FB94FC40085AF3D /* Build configuration list for PBXNativeTarget "1A2B" */ = {
			isa = XCConfigurationList;
			buildConfigurations = (
				2FAEBB911FB94FC40085AF3D /* Debug */,
				2FAEBB921FB94FC40085AF3D /* Release */,
			);
			defaultConfigurationIsVisible = 0;
			defaultConfigurationName = Release;
		};
/* End XCConfigurationList section */
	};
	rootObject = 2FAEBB761FB94FC40085AF3D /* Project object */;
}
